Microsoft Visual Studio Solution File, Format Version 12.00
# Visual Studio 2015
Project("{2150E333-8FDC-42A3-9474-1A3956D46DE8}") = "(pdfium)", "..\third_party\pdfium", "{AD6C4712-86A8-4074-0A8B-C57B27A0F660}"
EndProject
Project("{2150E333-8FDC-42A3-9474-1A3956D46DE8}") = "(third_party)", "..\third_party\pdfium\third_party", "{33AF189E-3AD0-A1D6-4920-0B0F910DA1DE}"
EndProject
Project("{2150E333-8FDC-42A3-9474-1A3956D46DE8}") = "(third_party)", "..\third_party", "{89C816A7-DD31-D54C-C69C-5A80E0C49B77}"
EndProject
Project("{8BC9CEB8-8B4A-11D0-8D11-00A0C91BC942}") = "bigint", "third_party\pdfium\third_party\bigint.vcxproj", "{0BBFD633-022E-20BB-9608-AACBC4B42F3C}"
EndProject
Project("{8BC9CEB8-8B4A-11D0-8D11-00A0C91BC942}") = "fdrm", "third_party\pdfium\fdrm.vcxproj", "{438BB6BF-12A2-5B66-36E6-A2A175CDBCCF}"
EndProject
Project("{8BC9CEB8-8B4A-11D0-8D11-00A0C91BC942}") = "formfiller", "third_party\pdfium\formfiller.vcxproj", "{6E8D5F94-69A5-7CE0-DC0F-91ABB0AD1CBE}"
EndProject
Project("{8BC9CEB8-8B4A-11D0-8D11-00A0C91BC942}") = "fpdfapi", "third_party\pdfium\fpdfapi.vcxproj", "{F2191C29-567D-D47B-33C5-0F7BD0B7659D}"
EndProject
Project("{8BC9CEB8-8B4A-11D0-8D11-00A0C91BC942}") = "fpdfdoc", "third_party\pdfium\fpdfdoc.vcxproj", "{EB062370-07DC-03A2-06B1-3FAA97F01781}"
EndProject
Project("{8BC9CEB8-8B4A-11D0-8D11-00A0C91BC942}") = "fpdftext", "third_party\pdfium\fpdftext.vcxproj", "{5CE7C67E-85BB-0210-BB0A-2072C5C7ECA4}"
EndProject
Project("{8BC9CEB8-8B4A-11D0-8D11-00A0C91BC942}") = "freetype", "third_party\pdfium\third_party\freetype.vcxproj", "{FFC61885-EBB2-26E7-B34E-931A21C4818E}"
EndProject
Project("{8BC9CEB8-8B4A-11D0-8D11-00A0C91BC942}") = "fx_lpng", "fx_lpng.vcxproj", "{183E073F-A74A-C1F4-5965-4A8533714E5B}"
EndProject
Project("{8BC9CEB8-8B4A-11D0-8D11-00A0C91BC942}") = "fxcodec", "third_party\pdfium\fxcodec.vcxproj", "{A1A3E074-38C1-B159-5BFD-BCEEB3106EEB}"
EndProject
Project("{8BC9CEB8-8B4A-11D0-8D11-00A0C91BC942}") = "fxcrt", "third_party\pdfium\fxcrt.vcxproj", "{68A8B28F-43AF-75C4-03FB-6434AE0D3CE2}"
EndProject
Project("{8BC9CEB8-8B4A-11D0-8D11-00A0C91BC942}") = "fxedit", "third_party\pdfium\fxedit.vcxproj", "{335AC152-BE12-2B9B-A0A2-C39316228B1F}"
EndProject
Project("{8BC9CEB8-8B4A-11D0-8D11-00A0C91BC942}") = "fxge", "third_party\pdfium\fxge.vcxproj", "{30C6D535-905A-810F-1D5B-7CFFCFC310DC}"
EndProject
Project("{8BC9CEB8-8B4A-11D0-8D11-00A0C91BC942}") = "javascript", "third_party\pdfium\javascript.vcxproj", "{263F7F0B-58FF-CEC8-74FB-50213A0B5483}"
EndProject
Project("{8BC9CEB8-8B4A-11D0-8D11-00A0C91BC942}") = "jsapi", "third_party\pdfium\jsapi.vcxproj", "{C36F2B9A-DBE0-7BA3-0687-278BB01E0605}"
EndProject
Project("{8BC9CEB8-8B4A-11D0-8D11-00A0C91BC942}") = "node_pdfium", "node_pdfium.vcxproj", "{A76B113F-7818-163D-A4FD-DFE876695999}"
	ProjectSection(ProjectDependencies) = postProject
		{183E073F-A74A-C1F4-5965-4A8533714E5B} = {183E073F-A74A-C1F4-5965-4A8533714E5B}
		{B2FB62B1-5930-5023-AC92-6A5768B06278} = {B2FB62B1-5930-5023-AC92-6A5768B06278}
		{A1A3E074-38C1-B159-5BFD-BCEEB3106EEB} = {A1A3E074-38C1-B159-5BFD-BCEEB3106EEB}
		{0BBFD633-022E-20BB-9608-AACBC4B42F3C} = {0BBFD633-022E-20BB-9608-AACBC4B42F3C}
		{DB0EFE38-3DD8-4FA4-6082-8E61A79FC649} = {DB0EFE38-3DD8-4FA4-6082-8E61A79FC649}
		{438BB6BF-12A2-5B66-36E6-A2A175CDBCCF} = {438BB6BF-12A2-5B66-36E6-A2A175CDBCCF}
		{EB062370-07DC-03A2-06B1-3FAA97F01781} = {EB062370-07DC-03A2-06B1-3FAA97F01781}
		{F2191C29-567D-D47B-33C5-0F7BD0B7659D} = {F2191C29-567D-D47B-33C5-0F7BD0B7659D}
		{5CE7C67E-85BB-0210-BB0A-2072C5C7ECA4} = {5CE7C67E-85BB-0210-BB0A-2072C5C7ECA4}
		{6E8D5F94-69A5-7CE0-DC0F-91ABB0AD1CBE} = {6E8D5F94-69A5-7CE0-DC0F-91ABB0AD1CBE}
		{68A8B28F-43AF-75C4-03FB-6434AE0D3CE2} = {68A8B28F-43AF-75C4-03FB-6434AE0D3CE2}
		{335AC152-BE12-2B9B-A0A2-C39316228B1F} = {335AC152-BE12-2B9B-A0A2-C39316228B1F}
		{30C6D535-905A-810F-1D5B-7CFFCFC310DC} = {30C6D535-905A-810F-1D5B-7CFFCFC310DC}
		{263F7F0B-58FF-CEC8-74FB-50213A0B5483} = {263F7F0B-58FF-CEC8-74FB-50213A0B5483}
		{C36F2B9A-DBE0-7BA3-0687-278BB01E0605} = {C36F2B9A-DBE0-7BA3-0687-278BB01E0605}
		{1301A34B-601A-6226-EFE2-9F5482F071C1} = {1301A34B-601A-6226-EFE2-9F5482F071C1}
		{FFC61885-EBB2-26E7-B34E-931A21C4818E} = {FFC61885-EBB2-26E7-B34E-931A21C4818E}
	EndProjectSection
EndProject
Project("{8BC9CEB8-8B4A-11D0-8D11-00A0C91BC942}") = "pdfium", "third_party\pdfium\pdfium.vcxproj", "{B2FB62B1-5930-5023-AC92-6A5768B06278}"
	ProjectSection(ProjectDependencies) = postProject
		{DB0EFE38-3DD8-4FA4-6082-8E61A79FC649} = {DB0EFE38-3DD8-4FA4-6082-8E61A79FC649}
	EndProjectSection
EndProject
Project("{8BC9CEB8-8B4A-11D0-8D11-00A0C91BC942}") = "pdfium_base", "third_party\pdfium\third_party\pdfium_base.vcxproj", "{DB0EFE38-3DD8-4FA4-6082-8E61A79FC649}"
EndProject
Project("{8BC9CEB8-8B4A-11D0-8D11-00A0C91BC942}") = "pdfwindow", "third_party\pdfium\pdfwindow.vcxproj", "{1301A34B-601A-6226-EFE2-9F5482F071C1}"
EndProject
Global
	GlobalSection(SolutionConfigurationPlatforms) = preSolution
		Debug|x64 = Debug|x64
		Release|x64 = Release|x64
	EndGlobalSection
	GlobalSection(ProjectConfigurationPlatforms) = postSolution
		{0BBFD633-022E-20BB-9608-AACBC4B42F3C}.Debug|x64.ActiveCfg = Debug|x64
		{0BBFD633-022E-20BB-9608-AACBC4B42F3C}.Debug|x64.Build.0 = Debug|x64
		{0BBFD633-022E-20BB-9608-AACBC4B42F3C}.Release|x64.ActiveCfg = Release|x64
		{0BBFD633-022E-20BB-9608-AACBC4B42F3C}.Release|x64.Build.0 = Release|x64
		{1301A34B-601A-6226-EFE2-9F5482F071C1}.Debug|x64.ActiveCfg = Debug|x64
		{1301A34B-601A-6226-EFE2-9F5482F071C1}.Debug|x64.Build.0 = Debug|x64
		{1301A34B-601A-6226-EFE2-9F5482F071C1}.Release|x64.ActiveCfg = Release|x64
		{1301A34B-601A-6226-EFE2-9F5482F071C1}.Release|x64.Build.0 = Release|x64
		{183E073F-A74A-C1F4-5965-4A8533714E5B}.Debug|x64.ActiveCfg = Debug|x64
		{183E073F-A74A-C1F4-5965-4A8533714E5B}.Debug|x64.Build.0 = Debug|x64
		{183E073F-A74A-C1F4-5965-4A8533714E5B}.Release|x64.ActiveCfg = Release|x64
		{183E073F-A74A-C1F4-5965-4A8533714E5B}.Release|x64.Build.0 = Release|x64
		{263F7F0B-58FF-CEC8-74FB-50213A0B5483}.Debug|x64.ActiveCfg = Debug|x64
		{263F7F0B-58FF-CEC8-74FB-50213A0B5483}.Debug|x64.Build.0 = Debug|x64
		{263F7F0B-58FF-CEC8-74FB-50213A0B5483}.Release|x64.ActiveCfg = Release|x64
		{263F7F0B-58FF-CEC8-74FB-50213A0B5483}.Release|x64.Build.0 = Release|x64
		{30C6D535-905A-810F-1D5B-7CFFCFC310DC}.Debug|x64.ActiveCfg = Debug|x64
		{30C6D535-905A-810F-1D5B-7CFFCFC310DC}.Debug|x64.Build.0 = Debug|x64
		{30C6D535-905A-810F-1D5B-7CFFCFC310DC}.Release|x64.ActiveCfg = Release|x64
		{30C6D535-905A-810F-1D5B-7CFFCFC310DC}.Release|x64.Build.0 = Release|x64
		{335AC152-BE12-2B9B-A0A2-C39316228B1F}.Debug|x64.ActiveCfg = Debug|x64
		{335AC152-BE12-2B9B-A0A2-C39316228B1F}.Debug|x64.Build.0 = Debug|x64
		{335AC152-BE12-2B9B-A0A2-C39316228B1F}.Release|x64.ActiveCfg = Release|x64
		{335AC152-BE12-2B9B-A0A2-C39316228B1F}.Release|x64.Build.0 = Release|x64
		{438BB6BF-12A2-5B66-36E6-A2A175CDBCCF}.Debug|x64.ActiveCfg = Debug|x64
		{438BB6BF-12A2-5B66-36E6-A2A175CDBCCF}.Debug|x64.Build.0 = Debug|x64
		{438BB6BF-12A2-5B66-36E6-A2A175CDBCCF}.Release|x64.ActiveCfg = Release|x64
		{438BB6BF-12A2-5B66-36E6-A2A175CDBCCF}.Release|x64.Build.0 = Release|x64
		{5CE7C67E-85BB-0210-BB0A-2072C5C7ECA4}.Debug|x64.ActiveCfg = Debug|x64
		{5CE7C67E-85BB-0210-BB0A-2072C5C7ECA4}.Debug|x64.Build.0 = Debug|x64
		{5CE7C67E-85BB-0210-BB0A-2072C5C7ECA4}.Release|x64.ActiveCfg = Release|x64
		{5CE7C67E-85BB-0210-BB0A-2072C5C7ECA4}.Release|x64.Build.0 = Release|x64
		{68A8B28F-43AF-75C4-03FB-6434AE0D3CE2}.Debug|x64.ActiveCfg = Debug|x64
		{68A8B28F-43AF-75C4-03FB-6434AE0D3CE2}.Debug|x64.Build.0 = Debug|x64
		{68A8B28F-43AF-75C4-03FB-6434AE0D3CE2}.Release|x64.ActiveCfg = Release|x64
		{68A8B28F-43AF-75C4-03FB-6434AE0D3CE2}.Release|x64.Build.0 = Release|x64
		{6E8D5F94-69A5-7CE0-DC0F-91ABB0AD1CBE}.Debug|x64.ActiveCfg = Debug|x64
		{6E8D5F94-69A5-7CE0-DC0F-91ABB0AD1CBE}.Debug|x64.Build.0 = Debug|x64
		{6E8D5F94-69A5-7CE0-DC0F-91ABB0AD1CBE}.Release|x64.ActiveCfg = Release|x64
		{6E8D5F94-69A5-7CE0-DC0F-91ABB0AD1CBE}.Release|x64.Build.0 = Release|x64
		{A1A3E074-38C1-B159-5BFD-BCEEB3106EEB}.Debug|x64.ActiveCfg = Debug|x64
		{A1A3E074-38C1-B159-5BFD-BCEEB3106EEB}.Debug|x64.Build.0 = Debug|x64
		{A1A3E074-38C1-B159-5BFD-BCEEB3106EEB}.Release|x64.ActiveCfg = Release|x64
		{A1A3E074-38C1-B159-5BFD-BCEEB3106EEB}.Release|x64.Build.0 = Release|x64
		{A76B113F-7818-163D-A4FD-DFE876695999}.Debug|x64.ActiveCfg = Debug|x64
		{A76B113F-7818-163D-A4FD-DFE876695999}.Debug|x64.Build.0 = Debug|x64
		{A76B113F-7818-163D-A4FD-DFE876695999}.Release|x64.ActiveCfg = Release|x64
		{A76B113F-7818-163D-A4FD-DFE876695999}.Release|x64.Build.0 = Release|x64
		{B2FB62B1-5930-5023-AC92-6A5768B06278}.Debug|x64.ActiveCfg = Debug|x64
		{B2FB62B1-5930-5023-AC92-6A5768B06278}.Debug|x64.Build.0 = Debug|x64
		{B2FB62B1-5930-5023-AC92-6A5768B06278}.Release|x64.ActiveCfg = Release|x64
		{B2FB62B1-5930-5023-AC92-6A5768B06278}.Release|x64.Build.0 = Release|x64
		{C36F2B9A-DBE0-7BA3-0687-278BB01E0605}.Debug|x64.ActiveCfg = Debug|x64
		{C36F2B9A-DBE0-7BA3-0687-278BB01E0605}.Debug|x64.Build.0 = Debug|x64
		{C36F2B9A-DBE0-7BA3-0687-278BB01E0605}.Release|x64.ActiveCfg = Release|x64
		{C36F2B9A-DBE0-7BA3-0687-278BB01E0605}.Release|x64.Build.0 = Release|x64
		{DB0EFE38-3DD8-4FA4-6082-8E61A79FC649}.Debug|x64.ActiveCfg = Debug|x64
		{DB0EFE38-3DD8-4FA4-6082-8E61A79FC649}.Debug|x64.Build.0 = Debug|x64
		{DB0EFE38-3DD8-4FA4-6082-8E61A79FC649}.Release|x64.ActiveCfg = Release|x64
		{DB0EFE38-3DD8-4FA4-6082-8E61A79FC649}.Release|x64.Build.0 = Release|x64
		{EB062370-07DC-03A2-06B1-3FAA97F01781}.Debug|x64.ActiveCfg = Debug|x64
		{EB062370-07DC-03A2-06B1-3FAA97F01781}.Debug|x64.Build.0 = Debug|x64
		{EB062370-07DC-03A2-06B1-3FAA97F01781}.Release|x64.ActiveCfg = Release|x64
		{EB062370-07DC-03A2-06B1-3FAA97F01781}.Release|x64.Build.0 = Release|x64
		{F2191C29-567D-D47B-33C5-0F7BD0B7659D}.Debug|x64.ActiveCfg = Debug|x64
		{F2191C29-567D-D47B-33C5-0F7BD0B7659D}.Debug|x64.Build.0 = Debug|x64
		{F2191C29-567D-D47B-33C5-0F7BD0B7659D}.Release|x64.ActiveCfg = Release|x64
		{F2191C29-567D-D47B-33C5-0F7BD0B7659D}.Release|x64.Build.0 = Release|x64
		{FFC61885-EBB2-26E7-B34E-931A21C4818E}.Debug|x64.ActiveCfg = Debug|x64
		{FFC61885-EBB2-26E7-B34E-931A21C4818E}.Debug|x64.Build.0 = Debug|x64
		{FFC61885-EBB2-26E7-B34E-931A21C4818E}.Release|x64.ActiveCfg = Release|x64
		{FFC61885-EBB2-26E7-B34E-931A21C4818E}.Release|x64.Build.0 = Release|x64
	EndGlobalSection
	GlobalSection(SolutionProperties) = preSolution
		HideSolutionNode = FALSE
	EndGlobalSection
	GlobalSection(NestedProjects) = preSolution
		{33AF189E-3AD0-A1D6-4920-0B0F910DA1DE} = {AD6C4712-86A8-4074-0A8B-C57B27A0F660}
		{438BB6BF-12A2-5B66-36E6-A2A175CDBCCF} = {AD6C4712-86A8-4074-0A8B-C57B27A0F660}
		{6E8D5F94-69A5-7CE0-DC0F-91ABB0AD1CBE} = {AD6C4712-86A8-4074-0A8B-C57B27A0F660}
		{F2191C29-567D-D47B-33C5-0F7BD0B7659D} = {AD6C4712-86A8-4074-0A8B-C57B27A0F660}
		{EB062370-07DC-03A2-06B1-3FAA97F01781} = {AD6C4712-86A8-4074-0A8B-C57B27A0F660}
		{5CE7C67E-85BB-0210-BB0A-2072C5C7ECA4} = {AD6C4712-86A8-4074-0A8B-C57B27A0F660}
		{A1A3E074-38C1-B159-5BFD-BCEEB3106EEB} = {AD6C4712-86A8-4074-0A8B-C57B27A0F660}
		{68A8B28F-43AF-75C4-03FB-6434AE0D3CE2} = {AD6C4712-86A8-4074-0A8B-C57B27A0F660}
		{335AC152-BE12-2B9B-A0A2-C39316228B1F} = {AD6C4712-86A8-4074-0A8B-C57B27A0F660}
		{30C6D535-905A-810F-1D5B-7CFFCFC310DC} = {AD6C4712-86A8-4074-0A8B-C57B27A0F660}
		{263F7F0B-58FF-CEC8-74FB-50213A0B5483} = {AD6C4712-86A8-4074-0A8B-C57B27A0F660}
		{C36F2B9A-DBE0-7BA3-0687-278BB01E0605} = {AD6C4712-86A8-4074-0A8B-C57B27A0F660}
		{B2FB62B1-5930-5023-AC92-6A5768B06278} = {AD6C4712-86A8-4074-0A8B-C57B27A0F660}
		{1301A34B-601A-6226-EFE2-9F5482F071C1} = {AD6C4712-86A8-4074-0A8B-C57B27A0F660}
		{0BBFD633-022E-20BB-9608-AACBC4B42F3C} = {33AF189E-3AD0-A1D6-4920-0B0F910DA1DE}
		{FFC61885-EBB2-26E7-B34E-931A21C4818E} = {33AF189E-3AD0-A1D6-4920-0B0F910DA1DE}
		{DB0EFE38-3DD8-4FA4-6082-8E61A79FC649} = {33AF189E-3AD0-A1D6-4920-0B0F910DA1DE}
		{AD6C4712-86A8-4074-0A8B-C57B27A0F660} = {89C816A7-DD31-D54C-C69C-5A80E0C49B77}
	EndGlobalSection
EndGlobal
